<Solution Description="Visual Studio slnx file generated by Premake" Version="1.4">
  <Configurations>
    <BuildType Name="Debug" />
    <BuildType Name="Dist" />
    <BuildType Name="Release" />
    <Platform Name="x64" />
  </Configurations>
  <Project Path="Mayhem\vendor\GLAD\GLAD.vcxproj" Id="5D4A857C-4981-860D-F26D-6C10DE83020F">
  </Project>
  <Project Path="Mayhem\vendor\GLFW\GLFW.vcxproj" Id="154B857C-0182-860D-AA6E-6C109684020F">
  </Project>
  <Project Path="Mayhem\vendor\imgui\ImGui.vcxproj" Id="C0FF640D-2C14-8DBE-F595-301E616989EF">
  </Project>
  <Project Path="Mayhem\Mayhem.vcxproj" Id="C6A79BC2-B249-C698-9B04-DAEC87454DE9">
  </Project>
  <Project Path="Mayhem-Editor\Mayhem-Editor.vcxproj" Id="BA304243-26F1-BD79-EF2B-07F75BAB0256" DefaultStartup="true">
  </Project>
  <Project Path="Sandbox\Sandbox.vcxproj" Id="F4C124E3-60A1-A37E-69B9-2E55D5170AE0">
  </Project>
  <Project Path="Mayhem\vendor\yaml\yaml-cpp.vcxproj" Id="88F1A057-74BE-FB62-9DD7-E90A890331F1">
  </Project>
</Solution>